
Microsoft Visual Studio Solution File, Format Version 12.00
# Visual Studio 2013
VisualStudioVersion = 12.0.31101.0
MinimumVisualStudioVersion = 10.0.40219.1
Project("{FAE04EC0-301F-11D3-BF4B-00C04F79EFBC}") = "ScrumToPractice.Domain", "ScrumToPractice.Domain\ScrumToPractice.Domain.csproj", "{C1E978C1-6382-415D-AD74-FB8D1C2EB326}"
EndProject
Project("{FAE04EC0-301F-11D3-BF4B-00C04F79EFBC}") = "ScrumToPractice.Web", "ScrumToPractice.Web\ScrumToPractice.Web.csproj", "{144974D0-21DB-4BC6-843C-A7CA2BF0D8EB}"
EndProject
Project("{FAE04EC0-301F-11D3-BF4B-00C04F79EFBC}") = "ScrumToPractice.Web.Tests", "ScrumToPractice.Web.Tests\ScrumToPractice.Web.Tests.csproj", "{7FAF9753-3F49-43FE-91C9-A667A1B05DAD}"
EndProject
Global
	GlobalSection(SolutionConfigurationPlatforms) = preSolution
		Debug|Any CPU = Debug|Any CPU
		Release|Any CPU = Release|Any CPU
	EndGlobalSection
	GlobalSection(ProjectConfigurationPlatforms) = postSolution
		{C1E978C1-6382-415D-AD74-FB8D1C2EB326}.Debug|Any CPU.ActiveCfg = Debug|Any CPU
		{C1E978C1-6382-415D-AD74-FB8D1C2EB326}.Debug|Any CPU.Build.0 = Debug|Any CPU
		{C1E978C1-6382-415D-AD74-FB8D1C2EB326}.Release|Any CPU.ActiveCfg = Release|Any CPU
		{C1E978C1-6382-415D-AD74-FB8D1C2EB326}.Release|Any CPU.Build.0 = Release|Any CPU
		{144974D0-21DB-4BC6-843C-A7CA2BF0D8EB}.Debug|Any CPU.ActiveCfg = Debug|Any CPU
		{144974D0-21DB-4BC6-843C-A7CA2BF0D8EB}.Debug|Any CPU.Build.0 = Debug|Any CPU
		{144974D0-21DB-4BC6-843C-A7CA2BF0D8EB}.Release|Any CPU.ActiveCfg = Release|Any CPU
		{144974D0-21DB-4BC6-843C-A7CA2BF0D8EB}.Release|Any CPU.Build.0 = Release|Any CPU
		{7FAF9753-3F49-43FE-91C9-A667A1B05DAD}.Debug|Any CPU.ActiveCfg = Debug|Any CPU
		{7FAF9753-3F49-43FE-91C9-A667A1B05DAD}.Debug|Any CPU.Build.0 = Debug|Any CPU
		{7FAF9753-3F49-43FE-91C9-A667A1B05DAD}.Release|Any CPU.ActiveCfg = Release|Any CPU
		{7FAF9753-3F49-43FE-91C9-A667A1B05DAD}.Release|Any CPU.Build.0 = Release|Any CPU
	EndGlobalSection
	GlobalSection(SolutionProperties) = preSolution
		HideSolutionNode = FALSE
	EndGlobalSection
EndGlobal
